version = 1
revision = 3
requires-python = ">=3.12"

[[package]]
name = "fst-reference"
version = "0.1.0"
source = { editable = "." }
dependencies = [
    { name = "lz4" },
]

[package.metadata]
requires-dist = [{ name = "lz4", specifier = ">=4,<5" }]

[[package]]
name = "lz4"
version = "4.4.4"
source = { registry = "https://pypi.org/simple" }
sdist = { url = "https://files.pythonhosted.org/packages/c6/5a/945f5086326d569f14c84ac6f7fcc3229f0b9b1e8cc536b951fd53dfb9e1/lz4-4.4.4.tar.gz", hash = "sha256:070fd0627ec4393011251a094e08ed9fdcc78cb4e7ab28f507638eee4e39abda", size = 171884, upload-time = "2025-04-01T22:55:58.62Z" }
wheels = [
    { url = "https://files.pythonhosted.org/packages/f7/2d/5523b4fabe11cd98f040f715728d1932eb7e696bfe94391872a823332b94/lz4-4.4.4-cp312-cp312-macosx_10_13_x86_64.whl", hash = "sha256:23ae267494fdd80f0d2a131beff890cf857f1b812ee72dbb96c3204aab725553", size = 220669, upload-time = "2025-04-01T22:55:32.032Z" },
    { url = "https://files.pythonhosted.org/packages/91/06/1a5bbcacbfb48d8ee5b6eb3fca6aa84143a81d92946bdb5cd6b005f1863e/lz4-4.4.4-cp312-cp312-macosx_11_0_arm64.whl", hash = "sha256:fff9f3a1ed63d45cb6514bfb8293005dc4141341ce3500abdfeb76124c0b9b2e", size = 189661, upload-time = "2025-04-01T22:55:33.413Z" },
    { url = "https://files.pythonhosted.org/packages/fa/08/39eb7ac907f73e11a69a11576a75a9e36406b3241c0ba41453a7eb842abb/lz4-4.4.4-cp312-cp312-manylinux_2_17_aarch64.manylinux2014_aarch64.whl", hash = "sha256:1ea7f07329f85a8eda4d8cf937b87f27f0ac392c6400f18bea2c667c8b7f8ecc", size = 1238775, upload-time = "2025-04-01T22:55:34.835Z" },
    { url = "https://files.pythonhosted.org/packages/e9/26/05840fbd4233e8d23e88411a066ab19f1e9de332edddb8df2b6a95c7fddc/lz4-4.4.4-cp312-cp312-manylinux_2_17_x86_64.manylinux2014_x86_64.whl", hash = "sha256:8ccab8f7f7b82f9fa9fc3b0ba584d353bd5aa818d5821d77d5b9447faad2aaad", size = 1265143, upload-time = "2025-04-01T22:55:35.933Z" },
    { url = "https://files.pythonhosted.org/packages/b7/5d/5f2db18c298a419932f3ab2023deb689863cf8fd7ed875b1c43492479af2/lz4-4.4.4-cp312-cp312-manylinux_2_5_i686.manylinux1_i686.manylinux_2_17_i686.manylinux2014_i686.whl", hash = "sha256:e43e9d48b2daf80e486213128b0763deed35bbb7a59b66d1681e205e1702d735", size = 1185032, upload-time = "2025-04-01T22:55:37.454Z" },
    { url = "https://files.pythonhosted.org/packages/c4/e6/736ab5f128694b0f6aac58343bcf37163437ac95997276cd0be3ea4c3342/lz4-4.4.4-cp312-cp312-win32.whl", hash = "sha256:33e01e18e4561b0381b2c33d58e77ceee850a5067f0ece945064cbaac2176962", size = 88284, upload-time = "2025-04-01T22:55:38.536Z" },
    { url = "https://files.pythonhosted.org/packages/40/b8/243430cb62319175070e06e3a94c4c7bd186a812e474e22148ae1290d47d/lz4-4.4.4-cp312-cp312-win_amd64.whl", hash = "sha256:d21d1a2892a2dcc193163dd13eaadabb2c1b803807a5117d8f8588b22eaf9f12", size = 99918, upload-time = "2025-04-01T22:55:39.628Z" },
    { url = "https://files.pythonhosted.org/packages/6c/e1/0686c91738f3e6c2e1a243e0fdd4371667c4d2e5009b0a3605806c2aa020/lz4-4.4.4-cp312-cp312-win_arm64.whl", hash = "sha256:2f4f2965c98ab254feddf6b5072854a6935adab7bc81412ec4fe238f07b85f62", size = 89736, upload-time = "2025-04-01T22:55:40.5Z" },
    { url = "https://files.pythonhosted.org/packages/3b/3c/d1d1b926d3688263893461e7c47ed7382a969a0976fc121fc678ec325fc6/lz4-4.4.4-cp313-cp313-macosx_10_13_x86_64.whl", hash = "sha256:ed6eb9f8deaf25ee4f6fad9625d0955183fdc90c52b6f79a76b7f209af1b6e54", size = 220678, upload-time = "2025-04-01T22:55:41.78Z" },
    { url = "https://files.pythonhosted.org/packages/26/89/8783d98deb058800dabe07e6cdc90f5a2a8502a9bad8c5343c641120ace2/lz4-4.4.4-cp313-cp313-macosx_11_0_arm64.whl", hash = "sha256:18ae4fe3bafb344dbd09f976d45cbf49c05c34416f2462828f9572c1fa6d5af7", size = 189670, upload-time = "2025-04-01T22:55:42.775Z" },
    { url = "https://files.pythonhosted.org/packages/22/ab/a491ace69a83a8914a49f7391e92ca0698f11b28d5ce7b2ececa2be28e9a/lz4-4.4.4-cp313-cp313-manylinux_2_17_aarch64.manylinux2014_aarch64.whl", hash = "sha256:57fd20c5fc1a49d1bbd170836fccf9a338847e73664f8e313dce6ac91b8c1e02", size = 1238746, upload-time = "2025-04-01T22:55:43.797Z" },
    { url = "https://files.pythonhosted.org/packages/97/12/a1f2f4fdc6b7159c0d12249456f9fe454665b6126e98dbee9f2bd3cf735c/lz4-4.4.4-cp313-cp313-manylinux_2_17_x86_64.manylinux2014_x86_64.whl", hash = "sha256:e9cb387c33f014dae4db8cb4ba789c8d2a0a6d045ddff6be13f6c8d9def1d2a6", size = 1265119, upload-time = "2025-04-01T22:55:44.943Z" },
    { url = "https://files.pythonhosted.org/packages/50/6e/e22e50f5207649db6ea83cd31b79049118305be67e96bec60becf317afc6/lz4-4.4.4-cp313-cp313-manylinux_2_5_i686.manylinux1_i686.manylinux_2_17_i686.manylinux2014_i686.whl", hash = "sha256:d0be9f68240231e1e44118a4ebfecd8a5d4184f0bdf5c591c98dd6ade9720afd", size = 1184954, upload-time = "2025-04-01T22:55:46.161Z" },
    { url = "https://files.pythonhosted.org/packages/4c/c4/2a458039645fcc6324ece731d4d1361c5daf960b553d1fcb4261ba07d51c/lz4-4.4.4-cp313-cp313-win32.whl", hash = "sha256:e9ec5d45ea43684f87c316542af061ef5febc6a6b322928f059ce1fb289c298a", size = 88289, upload-time = "2025-04-01T22:55:47.601Z" },
    { url = "https://files.pythonhosted.org/packages/00/96/b8e24ea7537ab418074c226279acfcaa470e1ea8271003e24909b6db942b/lz4-4.4.4-cp313-cp313-win_amd64.whl", hash = "sha256:a760a175b46325b2bb33b1f2bbfb8aa21b48e1b9653e29c10b6834f9bb44ead4", size = 99925, upload-time = "2025-04-01T22:55:48.463Z" },
    { url = "https://files.pythonhosted.org/packages/a5/a5/f9838fe6aa132cfd22733ed2729d0592259fff074cefb80f19aa0607367b/lz4-4.4.4-cp313-cp313-win_arm64.whl", hash = "sha256:f4c21648d81e0dda38b4720dccc9006ae33b0e9e7ffe88af6bf7d4ec124e2fba", size = 89743, upload-time = "2025-04-01T22:55:49.716Z" },
]
